
Microsoft Visual Studio Solution File, Format Version 12.00
# Visual Studio 15
VisualStudioVersion = 15.0.28307.168
MinimumVisualStudioVersion = 10.0.40219.1
Project("{FAE04EC0-301F-11D3-BF4B-00C04F79EFBC}") = "Sales.Android", "Sales\Sales.Android\Sales.Android.csproj", "{28244DF2-83A5-4729-A800-911B6C261406}"
EndProject
Project("{FAE04EC0-301F-11D3-BF4B-00C04F79EFBC}") = "Sales.iOS", "Sales\Sales.iOS\Sales.iOS.csproj", "{86FB998A-5EB1-4E2C-B323-1173B3E9FADF}"
EndProject
Project("{FAE04EC0-301F-11D3-BF4B-00C04F79EFBC}") = "Sales.UWP", "Sales\Sales.UWP\Sales.UWP.csproj", "{71FB57E9-DDD4-4AC4-ABD6-7C27AC5FF986}"
EndProject
Project("{9A19103F-16F7-4668-BE54-9A1E7A4F7556}") = "Sales", "Sales\Sales\Sales.csproj", "{05AFE2B0-E703-4A05-BC86-6317B71FA4EA}"
EndProject
Project("{FAE04EC0-301F-11D3-BF4B-00C04F79EFBC}") = "Sales.Backend", "Sales.Backend\Sales.Backend.csproj", "{2255AB56-E3A4-4003-A75D-F668F0210D20}"
EndProject
Project("{FAE04EC0-301F-11D3-BF4B-00C04F79EFBC}") = "Sales.API", "Sales.API\Sales.API.csproj", "{957B4BBF-73DE-4D05-A4B0-B94F1B7DAE0C}"
EndProject
Project("{FAE04EC0-301F-11D3-BF4B-00C04F79EFBC}") = "Sales.Domain", "Sales.Domain\Sales.Domain.csproj", "{B1391782-B9A3-4A01-B7F1-FD412C1EF581}"
EndProject
Project("{FAE04EC0-301F-11D3-BF4B-00C04F79EFBC}") = "Sales.Common", "Sales.Common\Sales.Common.csproj", "{BDCB5945-6AE9-458B-8B43-A3E53DB657FE}"
EndProject
Global
	GlobalSection(SolutionConfigurationPlatforms) = preSolution
		Ad-Hoc|Any CPU = Ad-Hoc|Any CPU
		Ad-Hoc|ARM = Ad-Hoc|ARM
		Ad-Hoc|iPhone = Ad-Hoc|iPhone
		Ad-Hoc|iPhoneSimulator = Ad-Hoc|iPhoneSimulator
		Ad-Hoc|x64 = Ad-Hoc|x64
		Ad-Hoc|x86 = Ad-Hoc|x86
		AppStore|Any CPU = AppStore|Any CPU
		AppStore|ARM = AppStore|ARM
		AppStore|iPhone = AppStore|iPhone
		AppStore|iPhoneSimulator = AppStore|iPhoneSimulator
		AppStore|x64 = AppStore|x64
		AppStore|x86 = AppStore|x86
		Debug|Any CPU = Debug|Any CPU
		Debug|ARM = Debug|ARM
		Debug|iPhone = Debug|iPhone
		Debug|iPhoneSimulator = Debug|iPhoneSimulator
		Debug|x64 = Debug|x64
		Debug|x86 = Debug|x86
		Release|Any CPU = Release|Any CPU
		Release|ARM = Release|ARM
		Release|iPhone = Release|iPhone
		Release|iPhoneSimulator = Release|iPhoneSimulator
		Release|x64 = Release|x64
		Release|x86 = Release|x86
	EndGlobalSection
	GlobalSection(ProjectConfigurationPlatforms) = postSolution
		{28244DF2-83A5-4729-A800-911B6C261406}.Ad-Hoc|Any CPU.ActiveCfg = Release|Any CPU
		{28244DF2-83A5-4729-A800-911B6C261406}.Ad-Hoc|Any CPU.Build.0 = Release|Any CPU
		{28244DF2-83A5-4729-A800-911B6C261406}.Ad-Hoc|Any CPU.Deploy.0 = Release|Any CPU
		{28244DF2-83A5-4729-A800-911B6C261406}.Ad-Hoc|ARM.ActiveCfg = Release|Any CPU
		{28244DF2-83A5-4729-A800-911B6C261406}.Ad-Hoc|ARM.Build.0 = Release|Any CPU
		{28244DF2-83A5-4729-A800-911B6C261406}.Ad-Hoc|ARM.Deploy.0 = Release|Any CPU
		{28244DF2-83A5-4729-A800-911B6C261406}.Ad-Hoc|iPhone.ActiveCfg = Release|Any CPU
		{28244DF2-83A5-4729-A800-911B6C261406}.Ad-Hoc|iPhone.Build.0 = Release|Any CPU
		{28244DF2-83A5-4729-A800-911B6C261406}.Ad-Hoc|iPhone.Deploy.0 = Release|Any CPU
		{28244DF2-83A5-4729-A800-911B6C261406}.Ad-Hoc|iPhoneSimulator.ActiveCfg = Release|Any CPU
		{28244DF2-83A5-4729-A800-911B6C261406}.Ad-Hoc|iPhoneSimulator.Build.0 = Release|Any CPU
		{28244DF2-83A5-4729-A800-911B6C261406}.Ad-Hoc|iPhoneSimulator.Deploy.0 = Release|Any CPU
		{28244DF2-83A5-4729-A800-911B6C261406}.Ad-Hoc|x64.ActiveCfg = Release|Any CPU
		{28244DF2-83A5-4729-A800-911B6C261406}.Ad-Hoc|x64.Build.0 = Release|Any CPU
		{28244DF2-83A5-4729-A800-911B6C261406}.Ad-Hoc|x64.Deploy.0 = Release|Any CPU
		{28244DF2-83A5-4729-A800-911B6C261406}.Ad-Hoc|x86.ActiveCfg = Release|Any CPU
		{28244DF2-83A5-4729-A800-911B6C261406}.Ad-Hoc|x86.Build.0 = Release|Any CPU
		{28244DF2-83A5-4729-A800-911B6C261406}.Ad-Hoc|x86.Deploy.0 = Release|Any CPU
		{28244DF2-83A5-4729-A800-911B6C261406}.AppStore|Any CPU.ActiveCfg = Release|Any CPU
		{28244DF2-83A5-4729-A800-911B6C261406}.AppStore|Any CPU.Build.0 = Release|Any CPU
		{28244DF2-83A5-4729-A800-911B6C261406}.AppStore|Any CPU.Deploy.0 = Release|Any CPU
		{28244DF2-83A5-4729-A800-911B6C261406}.AppStore|ARM.ActiveCfg = Release|Any CPU
		{28244DF2-83A5-4729-A800-911B6C261406}.AppStore|ARM.Build.0 = Release|Any CPU
		{28244DF2-83A5-4729-A800-911B6C261406}.AppStore|ARM.Deploy.0 = Release|Any CPU
		{28244DF2-83A5-4729-A800-911B6C261406}.AppStore|iPhone.ActiveCfg = Release|Any CPU
		{28244DF2-83A5-4729-A800-911B6C261406}.AppStore|iPhone.Build.0 = Release|Any CPU
		{28244DF2-83A5-4729-A800-911B6C261406}.AppStore|iPhone.Deploy.0 = Release|Any CPU
		{28244DF2-83A5-4729-A800-911B6C261406}.AppStore|iPhoneSimulator.ActiveCfg = Release|Any CPU
		{28244DF2-83A5-4729-A800-911B6C261406}.AppStore|iPhoneSimulator.Build.0 = Release|Any CPU
		{28244DF2-83A5-4729-A800-911B6C261406}.AppStore|iPhoneSimulator.Deploy.0 = Release|Any CPU
		{28244DF2-83A5-4729-A800-911B6C261406}.AppStore|x64.ActiveCfg = Release|Any CPU
		{28244DF2-83A5-4729-A800-911B6C261406}.AppStore|x64.Build.0 = Release|Any CPU
		{28244DF2-83A5-4729-A800-911B6C261406}.AppStore|x64.Deploy.0 = Release|Any CPU
		{28244DF2-83A5-4729-A800-911B6C261406}.AppStore|x86.ActiveCfg = Release|Any CPU
		{28244DF2-83A5-4729-A800-911B6C261406}.AppStore|x86.Build.0 = Release|Any CPU
		{28244DF2-83A5-4729-A800-911B6C261406}.AppStore|x86.Deploy.0 = Release|Any CPU
		{28244DF2-83A5-4729-A800-911B6C261406}.Debug|Any CPU.ActiveCfg = Debug|Any CPU
		{28244DF2-83A5-4729-A800-911B6C261406}.Debug|Any CPU.Build.0 = Debug|Any CPU
		{28244DF2-83A5-4729-A800-911B6C261406}.Debug|Any CPU.Deploy.0 = Debug|Any CPU
		{28244DF2-83A5-4729-A800-911B6C261406}.Debug|ARM.ActiveCfg = Debug|Any CPU
		{28244DF2-83A5-4729-A800-911B6C261406}.Debug|ARM.Build.0 = Debug|Any CPU
		{28244DF2-83A5-4729-A800-911B6C261406}.Debug|ARM.Deploy.0 = Debug|Any CPU
		{28244DF2-83A5-4729-A800-911B6C261406}.Debug|iPhone.ActiveCfg = Debug|Any CPU
		{28244DF2-83A5-4729-A800-911B6C261406}.Debug|iPhone.Build.0 = Debug|Any CPU
		{28244DF2-83A5-4729-A800-911B6C261406}.Debug|iPhone.Deploy.0 = Debug|Any CPU
		{28244DF2-83A5-4729-A800-911B6C261406}.Debug|iPhoneSimulator.ActiveCfg = Debug|Any CPU
		{28244DF2-83A5-4729-A800-911B6C261406}.Debug|iPhoneSimulator.Build.0 = Debug|Any CPU
		{28244DF2-83A5-4729-A800-911B6C261406}.Debug|iPhoneSimulator.Deploy.0 = Debug|Any CPU
		{28244DF2-83A5-4729-A800-911B6C261406}.Debug|x64.ActiveCfg = Debug|Any CPU
		{28244DF2-83A5-4729-A800-911B6C261406}.Debug|x64.Build.0 = Debug|Any CPU
		{28244DF2-83A5-4729-A800-911B6C261406}.Debug|x64.Deploy.0 = Debug|Any CPU
		{28244DF2-83A5-4729-A800-911B6C261406}.Debug|x86.ActiveCfg = Debug|Any CPU
		{28244DF2-83A5-4729-A800-911B6C261406}.Debug|x86.Build.0 = Debug|Any CPU
		{28244DF2-83A5-4729-A800-911B6C261406}.Debug|x86.Deploy.0 = Debug|Any CPU
		{28244DF2-83A5-4729-A800-911B6C261406}.Release|Any CPU.ActiveCfg = Release|Any CPU
		{28244DF2-83A5-4729-A800-911B6C261406}.Release|Any CPU.Build.0 = Release|Any CPU
		{28244DF2-83A5-4729-A800-911B6C261406}.Release|Any CPU.Deploy.0 = Release|Any CPU
		{28244DF2-83A5-4729-A800-911B6C261406}.Release|ARM.ActiveCfg = Release|Any CPU
		{28244DF2-83A5-4729-A800-911B6C261406}.Release|ARM.Build.0 = Release|Any CPU
		{28244DF2-83A5-4729-A800-911B6C261406}.Release|ARM.Deploy.0 = Release|Any CPU
		{28244DF2-83A5-4729-A800-911B6C261406}.Release|iPhone.ActiveCfg = Release|Any CPU
		{28244DF2-83A5-4729-A800-911B6C261406}.Release|iPhone.Build.0 = Release|Any CPU
		{28244DF2-83A5-4729-A800-911B6C261406}.Release|iPhone.Deploy.0 = Release|Any CPU
		{28244DF2-83A5-4729-A800-911B6C261406}.Release|iPhoneSimulator.ActiveCfg = Release|Any CPU
		{28244DF2-83A5-4729-A800-911B6C261406}.Release|iPhoneSimulator.Build.0 = Release|Any CPU
		{28244DF2-83A5-4729-A800-911B6C261406}.Release|iPhoneSimulator.Deploy.0 = Release|Any CPU
		{28244DF2-83A5-4729-A800-911B6C261406}.Release|x64.ActiveCfg = Release|Any CPU
		{28244DF2-83A5-4729-A800-911B6C261406}.Release|x64.Build.0 = Release|Any CPU
		{28244DF2-83A5-4729-A800-911B6C261406}.Release|x64.Deploy.0 = Release|Any CPU
		{28244DF2-83A5-4729-A800-911B6C261406}.Release|x86.ActiveCfg = Release|Any CPU
		{28244DF2-83A5-4729-A800-911B6C261406}.Release|x86.Build.0 = Release|Any CPU
		{28244DF2-83A5-4729-A800-911B6C261406}.Release|x86.Deploy.0 = Release|Any CPU
		{86FB998A-5EB1-4E2C-B323-1173B3E9FADF}.Ad-Hoc|Any CPU.ActiveCfg = Ad-Hoc|iPhone
		{86FB998A-5EB1-4E2C-B323-1173B3E9FADF}.Ad-Hoc|Any CPU.Build.0 = Ad-Hoc|iPhone
		{86FB998A-5EB1-4E2C-B323-1173B3E9FADF}.Ad-Hoc|Any CPU.Deploy.0 = Ad-Hoc|iPhone
		{86FB998A-5EB1-4E2C-B323-1173B3E9FADF}.Ad-Hoc|ARM.ActiveCfg = Ad-Hoc|iPhone
		{86FB998A-5EB1-4E2C-B323-1173B3E9FADF}.Ad-Hoc|ARM.Build.0 = Ad-Hoc|iPhone
		{86FB998A-5EB1-4E2C-B323-1173B3E9FADF}.Ad-Hoc|ARM.Deploy.0 = Ad-Hoc|iPhone
		{86FB998A-5EB1-4E2C-B323-1173B3E9FADF}.Ad-Hoc|iPhone.ActiveCfg = Ad-Hoc|iPhone
		{86FB998A-5EB1-4E2C-B323-1173B3E9FADF}.Ad-Hoc|iPhone.Build.0 = Ad-Hoc|iPhone
		{86FB998A-5EB1-4E2C-B323-1173B3E9FADF}.Ad-Hoc|iPhone.Deploy.0 = Ad-Hoc|iPhone
		{86FB998A-5EB1-4E2C-B323-1173B3E9FADF}.Ad-Hoc|iPhoneSimulator.ActiveCfg = Ad-Hoc|iPhoneSimulator
		{86FB998A-5EB1-4E2C-B323-1173B3E9FADF}.Ad-Hoc|iPhoneSimulator.Build.0 = Ad-Hoc|iPhoneSimulator
		{86FB998A-5EB1-4E2C-B323-1173B3E9FADF}.Ad-Hoc|iPhoneSimulator.Deploy.0 = Ad-Hoc|iPhoneSimulator
		{86FB998A-5EB1-4E2C-B323-1173B3E9FADF}.Ad-Hoc|x64.ActiveCfg = Ad-Hoc|iPhone
		{86FB998A-5EB1-4E2C-B323-1173B3E9FADF}.Ad-Hoc|x64.Build.0 = Ad-Hoc|iPhone
		{86FB998A-5EB1-4E2C-B323-1173B3E9FADF}.Ad-Hoc|x64.Deploy.0 = Ad-Hoc|iPhone
		{86FB998A-5EB1-4E2C-B323-1173B3E9FADF}.Ad-Hoc|x86.ActiveCfg = Ad-Hoc|iPhone
		{86FB998A-5EB1-4E2C-B323-1173B3E9FADF}.Ad-Hoc|x86.Build.0 = Ad-Hoc|iPhone
		{86FB998A-5EB1-4E2C-B323-1173B3E9FADF}.Ad-Hoc|x86.Deploy.0 = Ad-Hoc|iPhone
		{86FB998A-5EB1-4E2C-B323-1173B3E9FADF}.AppStore|Any CPU.ActiveCfg = AppStore|iPhone
		{86FB998A-5EB1-4E2C-B323-1173B3E9FADF}.AppStore|Any CPU.Build.0 = AppStore|iPhone
		{86FB998A-5EB1-4E2C-B323-1173B3E9FADF}.AppStore|Any CPU.Deploy.0 = AppStore|iPhone
		{86FB998A-5EB1-4E2C-B323-1173B3E9FADF}.AppStore|ARM.ActiveCfg = AppStore|iPhone
		{86FB998A-5EB1-4E2C-B323-1173B3E9FADF}.AppStore|ARM.Build.0 = AppStore|iPhone
		{86FB998A-5EB1-4E2C-B323-1173B3E9FADF}.AppStore|ARM.Deploy.0 = AppStore|iPhone
		{86FB998A-5EB1-4E2C-B323-1173B3E9FADF}.AppStore|iPhone.ActiveCfg = AppStore|iPhone
		{86FB998A-5EB1-4E2C-B323-1173B3E9FADF}.AppStore|iPhone.Build.0 = AppStore|iPhone
		{86FB998A-5EB1-4E2C-B323-1173B3E9FADF}.AppStore|iPhone.Deploy.0 = AppStore|iPhone
		{86FB998A-5EB1-4E2C-B323-1173B3E9FADF}.AppStore|iPhoneSimulator.ActiveCfg = AppStore|iPhoneSimulator
		{86FB998A-5EB1-4E2C-B323-1173B3E9FADF}.AppStore|iPhoneSimulator.Build.0 = AppStore|iPhoneSimulator
		{86FB998A-5EB1-4E2C-B323-1173B3E9FADF}.AppStore|iPhoneSimulator.Deploy.0 = AppStore|iPhoneSimulator
		{86FB998A-5EB1-4E2C-B323-1173B3E9FADF}.AppStore|x64.ActiveCfg = AppStore|iPhone
		{86FB998A-5EB1-4E2C-B323-1173B3E9FADF}.AppStore|x64.Build.0 = AppStore|iPhone
		{86FB998A-5EB1-4E2C-B323-1173B3E9FADF}.AppStore|x64.Deploy.0 = AppStore|iPhone
		{86FB998A-5EB1-4E2C-B323-1173B3E9FADF}.AppStore|x86.ActiveCfg = AppStore|iPhone
		{86FB998A-5EB1-4E2C-B323-1173B3E9FADF}.AppStore|x86.Build.0 = AppStore|iPhone
		{86FB998A-5EB1-4E2C-B323-1173B3E9FADF}.AppStore|x86.Deploy.0 = AppStore|iPhone
		{86FB998A-5EB1-4E2C-B323-1173B3E9FADF}.Debug|Any CPU.ActiveCfg = Debug|iPhoneSimulator
		{86FB998A-5EB1-4E2C-B323-1173B3E9FADF}.Debug|Any CPU.Build.0 = Debug|iPhoneSimulator
		{86FB998A-5EB1-4E2C-B323-1173B3E9FADF}.Debug|Any CPU.Deploy.0 = Debug|iPhoneSimulator
		{86FB998A-5EB1-4E2C-B323-1173B3E9FADF}.Debug|ARM.ActiveCfg = Debug|iPhone
		{86FB998A-5EB1-4E2C-B323-1173B3E9FADF}.Debug|ARM.Build.0 = Debug|iPhone
		{86FB998A-5EB1-4E2C-B323-1173B3E9FADF}.Debug|ARM.Deploy.0 = Debug|iPhone
		{86FB998A-5EB1-4E2C-B323-1173B3E9FADF}.Debug|iPhone.ActiveCfg = Debug|iPhone
		{86FB998A-5EB1-4E2C-B323-1173B3E9FADF}.Debug|iPhone.Build.0 = Debug|iPhone
		{86FB998A-5EB1-4E2C-B323-1173B3E9FADF}.Debug|iPhone.Deploy.0 = Debug|iPhone
		{86FB998A-5EB1-4E2C-B323-1173B3E9FADF}.Debug|iPhoneSimulator.ActiveCfg = Debug|iPhoneSimulator
		{86FB998A-5EB1-4E2C-B323-1173B3E9FADF}.Debug|iPhoneSimulator.Build.0 = Debug|iPhoneSimulator
		{86FB998A-5EB1-4E2C-B323-1173B3E9FADF}.Debug|iPhoneSimulator.Deploy.0 = Debug|iPhoneSimulator
		{86FB998A-5EB1-4E2C-B323-1173B3E9FADF}.Debug|x64.ActiveCfg = Debug|iPhone
		{86FB998A-5EB1-4E2C-B323-1173B3E9FADF}.Debug|x64.Build.0 = Debug|iPhone
		{86FB998A-5EB1-4E2C-B323-1173B3E9FADF}.Debug|x64.Deploy.0 = Debug|iPhone
		{86FB998A-5EB1-4E2C-B323-1173B3E9FADF}.Debug|x86.ActiveCfg = Debug|iPhone
		{86FB998A-5EB1-4E2C-B323-1173B3E9FADF}.Debug|x86.Build.0 = Debug|iPhone
		{86FB998A-5EB1-4E2C-B323-1173B3E9FADF}.Debug|x86.Deploy.0 = Debug|iPhone
		{86FB998A-5EB1-4E2C-B323-1173B3E9FADF}.Release|Any CPU.ActiveCfg = Release|iPhone
		{86FB998A-5EB1-4E2C-B323-1173B3E9FADF}.Release|Any CPU.Build.0 = Release|iPhone
		{86FB998A-5EB1-4E2C-B323-1173B3E9FADF}.Release|Any CPU.Deploy.0 = Release|iPhone
		{86FB998A-5EB1-4E2C-B323-1173B3E9FADF}.Release|ARM.ActiveCfg = Release|iPhone
		{86FB998A-5EB1-4E2C-B323-1173B3E9FADF}.Release|ARM.Build.0 = Release|iPhone
		{86FB998A-5EB1-4E2C-B323-1173B3E9FADF}.Release|ARM.Deploy.0 = Release|iPhone
		{86FB998A-5EB1-4E2C-B323-1173B3E9FADF}.Release|iPhone.ActiveCfg = Release|iPhone
		{86FB998A-5EB1-4E2C-B323-1173B3E9FADF}.Release|iPhone.Build.0 = Release|iPhone
		{86FB998A-5EB1-4E2C-B323-1173B3E9FADF}.Release|iPhone.Deploy.0 = Release|iPhone
		{86FB998A-5EB1-4E2C-B323-1173B3E9FADF}.Release|iPhoneSimulator.ActiveCfg = Release|iPhoneSimulator
		{86FB998A-5EB1-4E2C-B323-1173B3E9FADF}.Release|iPhoneSimulator.Build.0 = Release|iPhoneSimulator
		{86FB998A-5EB1-4E2C-B323-1173B3E9FADF}.Release|iPhoneSimulator.Deploy.0 = Release|iPhoneSimulator
		{86FB998A-5EB1-4E2C-B323-1173B3E9FADF}.Release|x64.ActiveCfg = Release|iPhone
		{86FB998A-5EB1-4E2C-B323-1173B3E9FADF}.Release|x64.Build.0 = Release|iPhone
		{86FB998A-5EB1-4E2C-B323-1173B3E9FADF}.Release|x64.Deploy.0 = Release|iPhone
		{86FB998A-5EB1-4E2C-B323-1173B3E9FADF}.Release|x86.ActiveCfg = Release|iPhone
		{86FB998A-5EB1-4E2C-B323-1173B3E9FADF}.Release|x86.Build.0 = Release|iPhone
		{86FB998A-5EB1-4E2C-B323-1173B3E9FADF}.Release|x86.Deploy.0 = Release|iPhone
		{71FB57E9-DDD4-4AC4-ABD6-7C27AC5FF986}.Ad-Hoc|Any CPU.ActiveCfg = Release|x86
		{71FB57E9-DDD4-4AC4-ABD6-7C27AC5FF986}.Ad-Hoc|Any CPU.Build.0 = Release|x86
		{71FB57E9-DDD4-4AC4-ABD6-7C27AC5FF986}.Ad-Hoc|Any CPU.Deploy.0 = Release|x86
		{71FB57E9-DDD4-4AC4-ABD6-7C27AC5FF986}.Ad-Hoc|ARM.ActiveCfg = Release|ARM
		{71FB57E9-DDD4-4AC4-ABD6-7C27AC5FF986}.Ad-Hoc|ARM.Build.0 = Release|ARM
		{71FB57E9-DDD4-4AC4-ABD6-7C27AC5FF986}.Ad-Hoc|ARM.Deploy.0 = Release|ARM
		{71FB57E9-DDD4-4AC4-ABD6-7C27AC5FF986}.Ad-Hoc|iPhone.ActiveCfg = Release|x86
		{71FB57E9-DDD4-4AC4-ABD6-7C27AC5FF986}.Ad-Hoc|iPhone.Build.0 = Release|x86
		{71FB57E9-DDD4-4AC4-ABD6-7C27AC5FF986}.Ad-Hoc|iPhone.Deploy.0 = Release|x86
		{71FB57E9-DDD4-4AC4-ABD6-7C27AC5FF986}.Ad-Hoc|iPhoneSimulator.ActiveCfg = Release|x86
		{71FB57E9-DDD4-4AC4-ABD6-7C27AC5FF986}.Ad-Hoc|iPhoneSimulator.Build.0 = Release|x86
		{71FB57E9-DDD4-4AC4-ABD6-7C27AC5FF986}.Ad-Hoc|iPhoneSimulator.Deploy.0 = Release|x86
		{71FB57E9-DDD4-4AC4-ABD6-7C27AC5FF986}.Ad-Hoc|x64.ActiveCfg = Release|x64
		{71FB57E9-DDD4-4AC4-ABD6-7C27AC5FF986}.Ad-Hoc|x64.Build.0 = Release|x64
		{71FB57E9-DDD4-4AC4-ABD6-7C27AC5FF986}.Ad-Hoc|x64.Deploy.0 = Release|x64
		{71FB57E9-DDD4-4AC4-ABD6-7C27AC5FF986}.Ad-Hoc|x86.ActiveCfg = Release|x86
		{71FB57E9-DDD4-4AC4-ABD6-7C27AC5FF986}.Ad-Hoc|x86.Build.0 = Release|x86
		{71FB57E9-DDD4-4AC4-ABD6-7C27AC5FF986}.Ad-Hoc|x86.Deploy.0 = Release|x86
		{71FB57E9-DDD4-4AC4-ABD6-7C27AC5FF986}.AppStore|Any CPU.ActiveCfg = Release|x86
		{71FB57E9-DDD4-4AC4-ABD6-7C27AC5FF986}.AppStore|Any CPU.Build.0 = Release|x86
		{71FB57E9-DDD4-4AC4-ABD6-7C27AC5FF986}.AppStore|Any CPU.Deploy.0 = Release|x86
		{71FB57E9-DDD4-4AC4-ABD6-7C27AC5FF986}.AppStore|ARM.ActiveCfg = Release|ARM
		{71FB57E9-DDD4-4AC4-ABD6-7C27AC5FF986}.AppStore|ARM.Build.0 = Release|ARM
		{71FB57E9-DDD4-4AC4-ABD6-7C27AC5FF986}.AppStore|ARM.Deploy.0 = Release|ARM
		{71FB57E9-DDD4-4AC4-ABD6-7C27AC5FF986}.AppStore|iPhone.ActiveCfg = Release|x86
		{71FB57E9-DDD4-4AC4-ABD6-7C27AC5FF986}.AppStore|iPhone.Build.0 = Release|x86
		{71FB57E9-DDD4-4AC4-ABD6-7C27AC5FF986}.AppStore|iPhone.Deploy.0 = Release|x86
		{71FB57E9-DDD4-4AC4-ABD6-7C27AC5FF986}.AppStore|iPhoneSimulator.ActiveCfg = Release|x86
		{71FB57E9-DDD4-4AC4-ABD6-7C27AC5FF986}.AppStore|iPhoneSimulator.Build.0 = Release|x86
		{71FB57E9-DDD4-4AC4-ABD6-7C27AC5FF986}.AppStore|iPhoneSimulator.Deploy.0 = Release|x86
		{71FB57E9-DDD4-4AC4-ABD6-7C27AC5FF986}.AppStore|x64.ActiveCfg = Release|x64
		{71FB57E9-DDD4-4AC4-ABD6-7C27AC5FF986}.AppStore|x64.Build.0 = Release|x64
		{71FB57E9-DDD4-4AC4-ABD6-7C27AC5FF986}.AppStore|x64.Deploy.0 = Release|x64
		{71FB57E9-DDD4-4AC4-ABD6-7C27AC5FF986}.AppStore|x86.ActiveCfg = Release|x86
		{71FB57E9-DDD4-4AC4-ABD6-7C27AC5FF986}.AppStore|x86.Build.0 = Release|x86
		{71FB57E9-DDD4-4AC4-ABD6-7C27AC5FF986}.AppStore|x86.Deploy.0 = Release|x86
		{71FB57E9-DDD4-4AC4-ABD6-7C27AC5FF986}.Debug|Any CPU.ActiveCfg = Debug|x86
		{71FB57E9-DDD4-4AC4-ABD6-7C27AC5FF986}.Debug|Any CPU.Build.0 = Debug|x86
		{71FB57E9-DDD4-4AC4-ABD6-7C27AC5FF986}.Debug|Any CPU.Deploy.0 = Debug|x86
		{71FB57E9-DDD4-4AC4-ABD6-7C27AC5FF986}.Debug|ARM.ActiveCfg = Debug|ARM
		{71FB57E9-DDD4-4AC4-ABD6-7C27AC5FF986}.Debug|ARM.Build.0 = Debug|ARM
		{71FB57E9-DDD4-4AC4-ABD6-7C27AC5FF986}.Debug|ARM.Deploy.0 = Debug|ARM
		{71FB57E9-DDD4-4AC4-ABD6-7C27AC5FF986}.Debug|iPhone.ActiveCfg = Debug|x86
		{71FB57E9-DDD4-4AC4-ABD6-7C27AC5FF986}.Debug|iPhone.Build.0 = Debug|x86
		{71FB57E9-DDD4-4AC4-ABD6-7C27AC5FF986}.Debug|iPhone.Deploy.0 = Debug|x86
		{71FB57E9-DDD4-4AC4-ABD6-7C27AC5FF986}.Debug|iPhoneSimulator.ActiveCfg = Debug|x86
		{71FB57E9-DDD4-4AC4-ABD6-7C27AC5FF986}.Debug|iPhoneSimulator.Build.0 = Debug|x86
		{71FB57E9-DDD4-4AC4-ABD6-7C27AC5FF986}.Debug|iPhoneSimulator.Deploy.0 = Debug|x86
		{71FB57E9-DDD4-4AC4-ABD6-7C27AC5FF986}.Debug|x64.ActiveCfg = Debug|x64
		{71FB57E9-DDD4-4AC4-ABD6-7C27AC5FF986}.Debug|x64.Build.0 = Debug|x64
		{71FB57E9-DDD4-4AC4-ABD6-7C27AC5FF986}.Debug|x64.Deploy.0 = Debug|x64
		{71FB57E9-DDD4-4AC4-ABD6-7C27AC5FF986}.Debug|x86.ActiveCfg = Debug|x86
		{71FB57E9-DDD4-4AC4-ABD6-7C27AC5FF986}.Debug|x86.Build.0 = Debug|x86
		{71FB57E9-DDD4-4AC4-ABD6-7C27AC5FF986}.Debug|x86.Deploy.0 = Debug|x86
		{71FB57E9-DDD4-4AC4-ABD6-7C27AC5FF986}.Release|Any CPU.ActiveCfg = Release|x86
		{71FB57E9-DDD4-4AC4-ABD6-7C27AC5FF986}.Release|Any CPU.Build.0 = Release|x86
		{71FB57E9-DDD4-4AC4-ABD6-7C27AC5FF986}.Release|Any CPU.Deploy.0 = Release|x86
		{71FB57E9-DDD4-4AC4-ABD6-7C27AC5FF986}.Release|ARM.ActiveCfg = Release|ARM
		{71FB57E9-DDD4-4AC4-ABD6-7C27AC5FF986}.Release|ARM.Build.0 = Release|ARM
		{71FB57E9-DDD4-4AC4-ABD6-7C27AC5FF986}.Release|ARM.Deploy.0 = Release|ARM
		{71FB57E9-DDD4-4AC4-ABD6-7C27AC5FF986}.Release|iPhone.ActiveCfg = Release|x86
		{71FB57E9-DDD4-4AC4-ABD6-7C27AC5FF986}.Release|iPhone.Build.0 = Release|x86
		{71FB57E9-DDD4-4AC4-ABD6-7C27AC5FF986}.Release|iPhone.Deploy.0 = Release|x86
		{71FB57E9-DDD4-4AC4-ABD6-7C27AC5FF986}.Release|iPhoneSimulator.ActiveCfg = Release|x86
		{71FB57E9-DDD4-4AC4-ABD6-7C27AC5FF986}.Release|iPhoneSimulator.Build.0 = Release|x86
		{71FB57E9-DDD4-4AC4-ABD6-7C27AC5FF986}.Release|iPhoneSimulator.Deploy.0 = Release|x86
		{71FB57E9-DDD4-4AC4-ABD6-7C27AC5FF986}.Release|x64.ActiveCfg = Release|x64
		{71FB57E9-DDD4-4AC4-ABD6-7C27AC5FF986}.Release|x64.Build.0 = Release|x64
		{71FB57E9-DDD4-4AC4-ABD6-7C27AC5FF986}.Release|x64.Deploy.0 = Release|x64
		{71FB57E9-DDD4-4AC4-ABD6-7C27AC5FF986}.Release|x86.ActiveCfg = Release|x86
		{71FB57E9-DDD4-4AC4-ABD6-7C27AC5FF986}.Release|x86.Build.0 = Release|x86
		{71FB57E9-DDD4-4AC4-ABD6-7C27AC5FF986}.Release|x86.Deploy.0 = Release|x86
		{05AFE2B0-E703-4A05-BC86-6317B71FA4EA}.Ad-Hoc|Any CPU.ActiveCfg = Debug|Any CPU
		{05AFE2B0-E703-4A05-BC86-6317B71FA4EA}.Ad-Hoc|Any CPU.Build.0 = Debug|Any CPU
		{05AFE2B0-E703-4A05-BC86-6317B71FA4EA}.Ad-Hoc|Any CPU.Deploy.0 = Debug|Any CPU
		{05AFE2B0-E703-4A05-BC86-6317B71FA4EA}.Ad-Hoc|ARM.ActiveCfg = Debug|Any CPU
		{05AFE2B0-E703-4A05-BC86-6317B71FA4EA}.Ad-Hoc|ARM.Build.0 = Debug|Any CPU
		{05AFE2B0-E703-4A05-BC86-6317B71FA4EA}.Ad-Hoc|ARM.Deploy.0 = Debug|Any CPU
		{05AFE2B0-E703-4A05-BC86-6317B71FA4EA}.Ad-Hoc|iPhone.ActiveCfg = Debug|Any CPU
		{05AFE2B0-E703-4A05-BC86-6317B71FA4EA}.Ad-Hoc|iPhone.Build.0 = Debug|Any CPU
		{05AFE2B0-E703-4A05-BC86-6317B71FA4EA}.Ad-Hoc|iPhone.Deploy.0 = Debug|Any CPU
		{05AFE2B0-E703-4A05-BC86-6317B71FA4EA}.Ad-Hoc|iPhoneSimulator.ActiveCfg = Debug|Any CPU
		{05AFE2B0-E703-4A05-BC86-6317B71FA4EA}.Ad-Hoc|iPhoneSimulator.Build.0 = Debug|Any CPU
		{05AFE2B0-E703-4A05-BC86-6317B71FA4EA}.Ad-Hoc|iPhoneSimulator.Deploy.0 = Debug|Any CPU
		{05AFE2B0-E703-4A05-BC86-6317B71FA4EA}.Ad-Hoc|x64.ActiveCfg = Debug|Any CPU
		{05AFE2B0-E703-4A05-BC86-6317B71FA4EA}.Ad-Hoc|x64.Build.0 = Debug|Any CPU
		{05AFE2B0-E703-4A05-BC86-6317B71FA4EA}.Ad-Hoc|x64.Deploy.0 = Debug|Any CPU
		{05AFE2B0-E703-4A05-BC86-6317B71FA4EA}.Ad-Hoc|x86.ActiveCfg = Debug|Any CPU
		{05AFE2B0-E703-4A05-BC86-6317B71FA4EA}.Ad-Hoc|x86.Build.0 = Debug|Any CPU
		{05AFE2B0-E703-4A05-BC86-6317B71FA4EA}.Ad-Hoc|x86.Deploy.0 = Debug|Any CPU
		{05AFE2B0-E703-4A05-BC86-6317B71FA4EA}.AppStore|Any CPU.ActiveCfg = Debug|Any CPU
		{05AFE2B0-E703-4A05-BC86-6317B71FA4EA}.AppStore|Any CPU.Build.0 = Debug|Any CPU
		{05AFE2B0-E703-4A05-BC86-6317B71FA4EA}.AppStore|Any CPU.Deploy.0 = Debug|Any CPU
		{05AFE2B0-E703-4A05-BC86-6317B71FA4EA}.AppStore|ARM.ActiveCfg = Debug|Any CPU
		{05AFE2B0-E703-4A05-BC86-6317B71FA4EA}.AppStore|ARM.Build.0 = Debug|Any CPU
		{05AFE2B0-E703-4A05-BC86-6317B71FA4EA}.AppStore|ARM.Deploy.0 = Debug|Any CPU
		{05AFE2B0-E703-4A05-BC86-6317B71FA4EA}.AppStore|iPhone.ActiveCfg = Debug|Any CPU
		{05AFE2B0-E703-4A05-BC86-6317B71FA4EA}.AppStore|iPhone.Build.0 = Debug|Any CPU
		{05AFE2B0-E703-4A05-BC86-6317B71FA4EA}.AppStore|iPhone.Deploy.0 = Debug|Any CPU
		{05AFE2B0-E703-4A05-BC86-6317B71FA4EA}.AppStore|iPhoneSimulator.ActiveCfg = Debug|Any CPU
		{05AFE2B0-E703-4A05-BC86-6317B71FA4EA}.AppStore|iPhoneSimulator.Build.0 = Debug|Any CPU
		{05AFE2B0-E703-4A05-BC86-6317B71FA4EA}.AppStore|iPhoneSimulator.Deploy.0 = Debug|Any CPU
		{05AFE2B0-E703-4A05-BC86-6317B71FA4EA}.AppStore|x64.ActiveCfg = Debug|Any CPU
		{05AFE2B0-E703-4A05-BC86-6317B71FA4EA}.AppStore|x64.Build.0 = Debug|Any CPU
		{05AFE2B0-E703-4A05-BC86-6317B71FA4EA}.AppStore|x64.Deploy.0 = Debug|Any CPU
		{05AFE2B0-E703-4A05-BC86-6317B71FA4EA}.AppStore|x86.ActiveCfg = Debug|Any CPU
		{05AFE2B0-E703-4A05-BC86-6317B71FA4EA}.AppStore|x86.Build.0 = Debug|Any CPU
		{05AFE2B0-E703-4A05-BC86-6317B71FA4EA}.AppStore|x86.Deploy.0 = Debug|Any CPU
		{05AFE2B0-E703-4A05-BC86-6317B71FA4EA}.Debug|Any CPU.ActiveCfg = Debug|Any CPU
		{05AFE2B0-E703-4A05-BC86-6317B71FA4EA}.Debug|Any CPU.Build.0 = Debug|Any CPU
		{05AFE2B0-E703-4A05-BC86-6317B71FA4EA}.Debug|Any CPU.Deploy.0 = Debug|Any CPU
		{05AFE2B0-E703-4A05-BC86-6317B71FA4EA}.Debug|ARM.ActiveCfg = Debug|Any CPU
		{05AFE2B0-E703-4A05-BC86-6317B71FA4EA}.Debug|ARM.Build.0 = Debug|Any CPU
		{05AFE2B0-E703-4A05-BC86-6317B71FA4EA}.Debug|ARM.Deploy.0 = Debug|Any CPU
		{05AFE2B0-E703-4A05-BC86-6317B71FA4EA}.Debug|iPhone.ActiveCfg = Debug|Any CPU
		{05AFE2B0-E703-4A05-BC86-6317B71FA4EA}.Debug|iPhone.Build.0 = Debug|Any CPU
		{05AFE2B0-E703-4A05-BC86-6317B71FA4EA}.Debug|iPhone.Deploy.0 = Debug|Any CPU
		{05AFE2B0-E703-4A05-BC86-6317B71FA4EA}.Debug|iPhoneSimulator.ActiveCfg = Debug|Any CPU
		{05AFE2B0-E703-4A05-BC86-6317B71FA4EA}.Debug|iPhoneSimulator.Build.0 = Debug|Any CPU
		{05AFE2B0-E703-4A05-BC86-6317B71FA4EA}.Debug|iPhoneSimulator.Deploy.0 = Debug|Any CPU
		{05AFE2B0-E703-4A05-BC86-6317B71FA4EA}.Debug|x64.ActiveCfg = Debug|Any CPU
		{05AFE2B0-E703-4A05-BC86-6317B71FA4EA}.Debug|x64.Build.0 = Debug|Any CPU
		{05AFE2B0-E703-4A05-BC86-6317B71FA4EA}.Debug|x64.Deploy.0 = Debug|Any CPU
		{05AFE2B0-E703-4A05-BC86-6317B71FA4EA}.Debug|x86.ActiveCfg = Debug|Any CPU
		{05AFE2B0-E703-4A05-BC86-6317B71FA4EA}.Debug|x86.Build.0 = Debug|Any CPU
		{05AFE2B0-E703-4A05-BC86-6317B71FA4EA}.Debug|x86.Deploy.0 = Debug|Any CPU
		{05AFE2B0-E703-4A05-BC86-6317B71FA4EA}.Release|Any CPU.ActiveCfg = Release|Any CPU
		{05AFE2B0-E703-4A05-BC86-6317B71FA4EA}.Release|Any CPU.Build.0 = Release|Any CPU
		{05AFE2B0-E703-4A05-BC86-6317B71FA4EA}.Release|Any CPU.Deploy.0 = Release|Any CPU
		{05AFE2B0-E703-4A05-BC86-6317B71FA4EA}.Release|ARM.ActiveCfg = Release|Any CPU
		{05AFE2B0-E703-4A05-BC86-6317B71FA4EA}.Release|ARM.Build.0 = Release|Any CPU
		{05AFE2B0-E703-4A05-BC86-6317B71FA4EA}.Release|ARM.Deploy.0 = Release|Any CPU
		{05AFE2B0-E703-4A05-BC86-6317B71FA4EA}.Release|iPhone.ActiveCfg = Release|Any CPU
		{05AFE2B0-E703-4A05-BC86-6317B71FA4EA}.Release|iPhone.Build.0 = Release|Any CPU
		{05AFE2B0-E703-4A05-BC86-6317B71FA4EA}.Release|iPhone.Deploy.0 = Release|Any CPU
		{05AFE2B0-E703-4A05-BC86-6317B71FA4EA}.Release|iPhoneSimulator.ActiveCfg = Release|Any CPU
		{05AFE2B0-E703-4A05-BC86-6317B71FA4EA}.Release|iPhoneSimulator.Build.0 = Release|Any CPU
		{05AFE2B0-E703-4A05-BC86-6317B71FA4EA}.Release|iPhoneSimulator.Deploy.0 = Release|Any CPU
		{05AFE2B0-E703-4A05-BC86-6317B71FA4EA}.Release|x64.ActiveCfg = Release|Any CPU
		{05AFE2B0-E703-4A05-BC86-6317B71FA4EA}.Release|x64.Build.0 = Release|Any CPU
		{05AFE2B0-E703-4A05-BC86-6317B71FA4EA}.Release|x64.Deploy.0 = Release|Any CPU
		{05AFE2B0-E703-4A05-BC86-6317B71FA4EA}.Release|x86.ActiveCfg = Release|Any CPU
		{05AFE2B0-E703-4A05-BC86-6317B71FA4EA}.Release|x86.Build.0 = Release|Any CPU
		{05AFE2B0-E703-4A05-BC86-6317B71FA4EA}.Release|x86.Deploy.0 = Release|Any CPU
		{2255AB56-E3A4-4003-A75D-F668F0210D20}.Ad-Hoc|Any CPU.ActiveCfg = Release|Any CPU
		{2255AB56-E3A4-4003-A75D-F668F0210D20}.Ad-Hoc|Any CPU.Build.0 = Release|Any CPU
		{2255AB56-E3A4-4003-A75D-F668F0210D20}.Ad-Hoc|ARM.ActiveCfg = Release|Any CPU
		{2255AB56-E3A4-4003-A75D-F668F0210D20}.Ad-Hoc|ARM.Build.0 = Release|Any CPU
		{2255AB56-E3A4-4003-A75D-F668F0210D20}.Ad-Hoc|iPhone.ActiveCfg = Release|Any CPU
		{2255AB56-E3A4-4003-A75D-F668F0210D20}.Ad-Hoc|iPhone.Build.0 = Release|Any CPU
		{2255AB56-E3A4-4003-A75D-F668F0210D20}.Ad-Hoc|iPhoneSimulator.ActiveCfg = Release|Any CPU
		{2255AB56-E3A4-4003-A75D-F668F0210D20}.Ad-Hoc|iPhoneSimulator.Build.0 = Release|Any CPU
		{2255AB56-E3A4-4003-A75D-F668F0210D20}.Ad-Hoc|x64.ActiveCfg = Release|Any CPU
		{2255AB56-E3A4-4003-A75D-F668F0210D20}.Ad-Hoc|x64.Build.0 = Release|Any CPU
		{2255AB56-E3A4-4003-A75D-F668F0210D20}.Ad-Hoc|x86.ActiveCfg = Release|Any CPU
		{2255AB56-E3A4-4003-A75D-F668F0210D20}.Ad-Hoc|x86.Build.0 = Release|Any CPU
		{2255AB56-E3A4-4003-A75D-F668F0210D20}.AppStore|Any CPU.ActiveCfg = Release|Any CPU
		{2255AB56-E3A4-4003-A75D-F668F0210D20}.AppStore|Any CPU.Build.0 = Release|Any CPU
		{2255AB56-E3A4-4003-A75D-F668F0210D20}.AppStore|ARM.ActiveCfg = Release|Any CPU
		{2255AB56-E3A4-4003-A75D-F668F0210D20}.AppStore|ARM.Build.0 = Release|Any CPU
		{2255AB56-E3A4-4003-A75D-F668F0210D20}.AppStore|iPhone.ActiveCfg = Release|Any CPU
		{2255AB56-E3A4-4003-A75D-F668F0210D20}.AppStore|iPhone.Build.0 = Release|Any CPU
		{2255AB56-E3A4-4003-A75D-F668F0210D20}.AppStore|iPhoneSimulator.ActiveCfg = Release|Any CPU
		{2255AB56-E3A4-4003-A75D-F668F0210D20}.AppStore|iPhoneSimulator.Build.0 = Release|Any CPU
		{2255AB56-E3A4-4003-A75D-F668F0210D20}.AppStore|x64.ActiveCfg = Release|Any CPU
		{2255AB56-E3A4-4003-A75D-F668F0210D20}.AppStore|x64.Build.0 = Release|Any CPU
		{2255AB56-E3A4-4003-A75D-F668F0210D20}.AppStore|x86.ActiveCfg = Release|Any CPU
		{2255AB56-E3A4-4003-A75D-F668F0210D20}.AppStore|x86.Build.0 = Release|Any CPU
		{2255AB56-E3A4-4003-A75D-F668F0210D20}.Debug|Any CPU.ActiveCfg = Debug|Any CPU
		{2255AB56-E3A4-4003-A75D-F668F0210D20}.Debug|Any CPU.Build.0 = Debug|Any CPU
		{2255AB56-E3A4-4003-A75D-F668F0210D20}.Debug|ARM.ActiveCfg = Debug|Any CPU
		{2255AB56-E3A4-4003-A75D-F668F0210D20}.Debug|ARM.Build.0 = Debug|Any CPU
		{2255AB56-E3A4-4003-A75D-F668F0210D20}.Debug|iPhone.ActiveCfg = Debug|Any CPU
		{2255AB56-E3A4-4003-A75D-F668F0210D20}.Debug|iPhone.Build.0 = Debug|Any CPU
		{2255AB56-E3A4-4003-A75D-F668F0210D20}.Debug|iPhoneSimulator.ActiveCfg = Debug|Any CPU
		{2255AB56-E3A4-4003-A75D-F668F0210D20}.Debug|iPhoneSimulator.Build.0 = Debug|Any CPU
		{2255AB56-E3A4-4003-A75D-F668F0210D20}.Debug|x64.ActiveCfg = Debug|Any CPU
		{2255AB56-E3A4-4003-A75D-F668F0210D20}.Debug|x64.Build.0 = Debug|Any CPU
		{2255AB56-E3A4-4003-A75D-F668F0210D20}.Debug|x86.ActiveCfg = Debug|Any CPU
		{2255AB56-E3A4-4003-A75D-F668F0210D20}.Debug|x86.Build.0 = Debug|Any CPU
		{2255AB56-E3A4-4003-A75D-F668F0210D20}.Release|Any CPU.ActiveCfg = Release|Any CPU
		{2255AB56-E3A4-4003-A75D-F668F0210D20}.Release|Any CPU.Build.0 = Release|Any CPU
		{2255AB56-E3A4-4003-A75D-F668F0210D20}.Release|ARM.ActiveCfg = Release|Any CPU
		{2255AB56-E3A4-4003-A75D-F668F0210D20}.Release|ARM.Build.0 = Release|Any CPU
		{2255AB56-E3A4-4003-A75D-F668F0210D20}.Release|iPhone.ActiveCfg = Release|Any CPU
		{2255AB56-E3A4-4003-A75D-F668F0210D20}.Release|iPhone.Build.0 = Release|Any CPU
		{2255AB56-E3A4-4003-A75D-F668F0210D20}.Release|iPhoneSimulator.ActiveCfg = Release|Any CPU
		{2255AB56-E3A4-4003-A75D-F668F0210D20}.Release|iPhoneSimulator.Build.0 = Release|Any CPU
		{2255AB56-E3A4-4003-A75D-F668F0210D20}.Release|x64.ActiveCfg = Release|Any CPU
		{2255AB56-E3A4-4003-A75D-F668F0210D20}.Release|x64.Build.0 = Release|Any CPU
		{2255AB56-E3A4-4003-A75D-F668F0210D20}.Release|x86.ActiveCfg = Release|Any CPU
		{2255AB56-E3A4-4003-A75D-F668F0210D20}.Release|x86.Build.0 = Release|Any CPU
		{957B4BBF-73DE-4D05-A4B0-B94F1B7DAE0C}.Ad-Hoc|Any CPU.ActiveCfg = Release|Any CPU
		{957B4BBF-73DE-4D05-A4B0-B94F1B7DAE0C}.Ad-Hoc|Any CPU.Build.0 = Release|Any CPU
		{957B4BBF-73DE-4D05-A4B0-B94F1B7DAE0C}.Ad-Hoc|ARM.ActiveCfg = Release|Any CPU
		{957B4BBF-73DE-4D05-A4B0-B94F1B7DAE0C}.Ad-Hoc|ARM.Build.0 = Release|Any CPU
		{957B4BBF-73DE-4D05-A4B0-B94F1B7DAE0C}.Ad-Hoc|iPhone.ActiveCfg = Release|Any CPU
		{957B4BBF-73DE-4D05-A4B0-B94F1B7DAE0C}.Ad-Hoc|iPhone.Build.0 = Release|Any CPU
		{957B4BBF-73DE-4D05-A4B0-B94F1B7DAE0C}.Ad-Hoc|iPhoneSimulator.ActiveCfg = Release|Any CPU
		{957B4BBF-73DE-4D05-A4B0-B94F1B7DAE0C}.Ad-Hoc|iPhoneSimulator.Build.0 = Release|Any CPU
		{957B4BBF-73DE-4D05-A4B0-B94F1B7DAE0C}.Ad-Hoc|x64.ActiveCfg = Release|Any CPU
		{957B4BBF-73DE-4D05-A4B0-B94F1B7DAE0C}.Ad-Hoc|x64.Build.0 = Release|Any CPU
		{957B4BBF-73DE-4D05-A4B0-B94F1B7DAE0C}.Ad-Hoc|x86.ActiveCfg = Release|Any CPU
		{957B4BBF-73DE-4D05-A4B0-B94F1B7DAE0C}.Ad-Hoc|x86.Build.0 = Release|Any CPU
		{957B4BBF-73DE-4D05-A4B0-B94F1B7DAE0C}.AppStore|Any CPU.ActiveCfg = Release|Any CPU
		{957B4BBF-73DE-4D05-A4B0-B94F1B7DAE0C}.AppStore|Any CPU.Build.0 = Release|Any CPU
		{957B4BBF-73DE-4D05-A4B0-B94F1B7DAE0C}.AppStore|ARM.ActiveCfg = Release|Any CPU
		{957B4BBF-73DE-4D05-A4B0-B94F1B7DAE0C}.AppStore|ARM.Build.0 = Release|Any CPU
		{957B4BBF-73DE-4D05-A4B0-B94F1B7DAE0C}.AppStore|iPhone.ActiveCfg = Release|Any CPU
		{957B4BBF-73DE-4D05-A4B0-B94F1B7DAE0C}.AppStore|iPhone.Build.0 = Release|Any CPU
		{957B4BBF-73DE-4D05-A4B0-B94F1B7DAE0C}.AppStore|iPhoneSimulator.ActiveCfg = Release|Any CPU
		{957B4BBF-73DE-4D05-A4B0-B94F1B7DAE0C}.AppStore|iPhoneSimulator.Build.0 = Release|Any CPU
		{957B4BBF-73DE-4D05-A4B0-B94F1B7DAE0C}.AppStore|x64.ActiveCfg = Release|Any CPU
		{957B4BBF-73DE-4D05-A4B0-B94F1B7DAE0C}.AppStore|x64.Build.0 = Release|Any CPU
		{957B4BBF-73DE-4D05-A4B0-B94F1B7DAE0C}.AppStore|x86.ActiveCfg = Release|Any CPU
		{957B4BBF-73DE-4D05-A4B0-B94F1B7DAE0C}.AppStore|x86.Build.0 = Release|Any CPU
		{957B4BBF-73DE-4D05-A4B0-B94F1B7DAE0C}.Debug|Any CPU.ActiveCfg = Debug|Any CPU
		{957B4BBF-73DE-4D05-A4B0-B94F1B7DAE0C}.Debug|Any CPU.Build.0 = Debug|Any CPU
		{957B4BBF-73DE-4D05-A4B0-B94F1B7DAE0C}.Debug|ARM.ActiveCfg = Debug|Any CPU
		{957B4BBF-73DE-4D05-A4B0-B94F1B7DAE0C}.Debug|ARM.Build.0 = Debug|Any CPU
		{957B4BBF-73DE-4D05-A4B0-B94F1B7DAE0C}.Debug|iPhone.ActiveCfg = Debug|Any CPU
		{957B4BBF-73DE-4D05-A4B0-B94F1B7DAE0C}.Debug|iPhone.Build.0 = Debug|Any CPU
		{957B4BBF-73DE-4D05-A4B0-B94F1B7DAE0C}.Debug|iPhoneSimulator.ActiveCfg = Debug|Any CPU
		{957B4BBF-73DE-4D05-A4B0-B94F1B7DAE0C}.Debug|iPhoneSimulator.Build.0 = Debug|Any CPU
		{957B4BBF-73DE-4D05-A4B0-B94F1B7DAE0C}.Debug|x64.ActiveCfg = Debug|Any CPU
		{957B4BBF-73DE-4D05-A4B0-B94F1B7DAE0C}.Debug|x64.Build.0 = Debug|Any CPU
		{957B4BBF-73DE-4D05-A4B0-B94F1B7DAE0C}.Debug|x86.ActiveCfg = Debug|Any CPU
		{957B4BBF-73DE-4D05-A4B0-B94F1B7DAE0C}.Debug|x86.Build.0 = Debug|Any CPU
		{957B4BBF-73DE-4D05-A4B0-B94F1B7DAE0C}.Release|Any CPU.ActiveCfg = Release|Any CPU
		{957B4BBF-73DE-4D05-A4B0-B94F1B7DAE0C}.Release|Any CPU.Build.0 = Release|Any CPU
		{957B4BBF-73DE-4D05-A4B0-B94F1B7DAE0C}.Release|ARM.ActiveCfg = Release|Any CPU
		{957B4BBF-73DE-4D05-A4B0-B94F1B7DAE0C}.Release|ARM.Build.0 = Release|Any CPU
		{957B4BBF-73DE-4D05-A4B0-B94F1B7DAE0C}.Release|iPhone.ActiveCfg = Release|Any CPU
		{957B4BBF-73DE-4D05-A4B0-B94F1B7DAE0C}.Release|iPhone.Build.0 = Release|Any CPU
		{957B4BBF-73DE-4D05-A4B0-B94F1B7DAE0C}.Release|iPhoneSimulator.ActiveCfg = Release|Any CPU
		{957B4BBF-73DE-4D05-A4B0-B94F1B7DAE0C}.Release|iPhoneSimulator.Build.0 = Release|Any CPU
		{957B4BBF-73DE-4D05-A4B0-B94F1B7DAE0C}.Release|x64.ActiveCfg = Release|Any CPU
		{957B4BBF-73DE-4D05-A4B0-B94F1B7DAE0C}.Release|x64.Build.0 = Release|Any CPU
		{957B4BBF-73DE-4D05-A4B0-B94F1B7DAE0C}.Release|x86.ActiveCfg = Release|Any CPU
		{957B4BBF-73DE-4D05-A4B0-B94F1B7DAE0C}.Release|x86.Build.0 = Release|Any CPU
		{B1391782-B9A3-4A01-B7F1-FD412C1EF581}.Ad-Hoc|Any CPU.ActiveCfg = Release|Any CPU
		{B1391782-B9A3-4A01-B7F1-FD412C1EF581}.Ad-Hoc|Any CPU.Build.0 = Release|Any CPU
		{B1391782-B9A3-4A01-B7F1-FD412C1EF581}.Ad-Hoc|ARM.ActiveCfg = Release|Any CPU
		{B1391782-B9A3-4A01-B7F1-FD412C1EF581}.Ad-Hoc|ARM.Build.0 = Release|Any CPU
		{B1391782-B9A3-4A01-B7F1-FD412C1EF581}.Ad-Hoc|iPhone.ActiveCfg = Release|Any CPU
		{B1391782-B9A3-4A01-B7F1-FD412C1EF581}.Ad-Hoc|iPhone.Build.0 = Release|Any CPU
		{B1391782-B9A3-4A01-B7F1-FD412C1EF581}.Ad-Hoc|iPhoneSimulator.ActiveCfg = Release|Any CPU
		{B1391782-B9A3-4A01-B7F1-FD412C1EF581}.Ad-Hoc|iPhoneSimulator.Build.0 = Release|Any CPU
		{B1391782-B9A3-4A01-B7F1-FD412C1EF581}.Ad-Hoc|x64.ActiveCfg = Release|Any CPU
		{B1391782-B9A3-4A01-B7F1-FD412C1EF581}.Ad-Hoc|x64.Build.0 = Release|Any CPU
		{B1391782-B9A3-4A01-B7F1-FD412C1EF581}.Ad-Hoc|x86.ActiveCfg = Release|Any CPU
		{B1391782-B9A3-4A01-B7F1-FD412C1EF581}.Ad-Hoc|x86.Build.0 = Release|Any CPU
		{B1391782-B9A3-4A01-B7F1-FD412C1EF581}.AppStore|Any CPU.ActiveCfg = Release|Any CPU
		{B1391782-B9A3-4A01-B7F1-FD412C1EF581}.AppStore|Any CPU.Build.0 = Release|Any CPU
		{B1391782-B9A3-4A01-B7F1-FD412C1EF581}.AppStore|ARM.ActiveCfg = Release|Any CPU
		{B1391782-B9A3-4A01-B7F1-FD412C1EF581}.AppStore|ARM.Build.0 = Release|Any CPU
		{B1391782-B9A3-4A01-B7F1-FD412C1EF581}.AppStore|iPhone.ActiveCfg = Release|Any CPU
		{B1391782-B9A3-4A01-B7F1-FD412C1EF581}.AppStore|iPhone.Build.0 = Release|Any CPU
		{B1391782-B9A3-4A01-B7F1-FD412C1EF581}.AppStore|iPhoneSimulator.ActiveCfg = Release|Any CPU
		{B1391782-B9A3-4A01-B7F1-FD412C1EF581}.AppStore|iPhoneSimulator.Build.0 = Release|Any CPU
		{B1391782-B9A3-4A01-B7F1-FD412C1EF581}.AppStore|x64.ActiveCfg = Release|Any CPU
		{B1391782-B9A3-4A01-B7F1-FD412C1EF581}.AppStore|x64.Build.0 = Release|Any CPU
		{B1391782-B9A3-4A01-B7F1-FD412C1EF581}.AppStore|x86.ActiveCfg = Release|Any CPU
		{B1391782-B9A3-4A01-B7F1-FD412C1EF581}.AppStore|x86.Build.0 = Release|Any CPU
		{B1391782-B9A3-4A01-B7F1-FD412C1EF581}.Debug|Any CPU.ActiveCfg = Debug|Any CPU
		{B1391782-B9A3-4A01-B7F1-FD412C1EF581}.Debug|Any CPU.Build.0 = Debug|Any CPU
		{B1391782-B9A3-4A01-B7F1-FD412C1EF581}.Debug|ARM.ActiveCfg = Debug|Any CPU
		{B1391782-B9A3-4A01-B7F1-FD412C1EF581}.Debug|ARM.Build.0 = Debug|Any CPU
		{B1391782-B9A3-4A01-B7F1-FD412C1EF581}.Debug|iPhone.ActiveCfg = Debug|Any CPU
		{B1391782-B9A3-4A01-B7F1-FD412C1EF581}.Debug|iPhone.Build.0 = Debug|Any CPU
		{B1391782-B9A3-4A01-B7F1-FD412C1EF581}.Debug|iPhoneSimulator.ActiveCfg = Debug|Any CPU
		{B1391782-B9A3-4A01-B7F1-FD412C1EF581}.Debug|iPhoneSimulator.Build.0 = Debug|Any CPU
		{B1391782-B9A3-4A01-B7F1-FD412C1EF581}.Debug|x64.ActiveCfg = Debug|Any CPU
		{B1391782-B9A3-4A01-B7F1-FD412C1EF581}.Debug|x64.Build.0 = Debug|Any CPU
		{B1391782-B9A3-4A01-B7F1-FD412C1EF581}.Debug|x86.ActiveCfg = Debug|Any CPU
		{B1391782-B9A3-4A01-B7F1-FD412C1EF581}.Debug|x86.Build.0 = Debug|Any CPU
		{B1391782-B9A3-4A01-B7F1-FD412C1EF581}.Release|Any CPU.ActiveCfg = Release|Any CPU
		{B1391782-B9A3-4A01-B7F1-FD412C1EF581}.Release|Any CPU.Build.0 = Release|Any CPU
		{B1391782-B9A3-4A01-B7F1-FD412C1EF581}.Release|ARM.ActiveCfg = Release|Any CPU
		{B1391782-B9A3-4A01-B7F1-FD412C1EF581}.Release|ARM.Build.0 = Release|Any CPU
		{B1391782-B9A3-4A01-B7F1-FD412C1EF581}.Release|iPhone.ActiveCfg = Release|Any CPU
		{B1391782-B9A3-4A01-B7F1-FD412C1EF581}.Release|iPhone.Build.0 = Release|Any CPU
		{B1391782-B9A3-4A01-B7F1-FD412C1EF581}.Release|iPhoneSimulator.ActiveCfg = Release|Any CPU
		{B1391782-B9A3-4A01-B7F1-FD412C1EF581}.Release|iPhoneSimulator.Build.0 = Release|Any CPU
		{B1391782-B9A3-4A01-B7F1-FD412C1EF581}.Release|x64.ActiveCfg = Release|Any CPU
		{B1391782-B9A3-4A01-B7F1-FD412C1EF581}.Release|x64.Build.0 = Release|Any CPU
		{B1391782-B9A3-4A01-B7F1-FD412C1EF581}.Release|x86.ActiveCfg = Release|Any CPU
		{B1391782-B9A3-4A01-B7F1-FD412C1EF581}.Release|x86.Build.0 = Release|Any CPU
		{BDCB5945-6AE9-458B-8B43-A3E53DB657FE}.Ad-Hoc|Any CPU.ActiveCfg = Release|Any CPU
		{BDCB5945-6AE9-458B-8B43-A3E53DB657FE}.Ad-Hoc|Any CPU.Build.0 = Release|Any CPU
		{BDCB5945-6AE9-458B-8B43-A3E53DB657FE}.Ad-Hoc|ARM.ActiveCfg = Release|Any CPU
		{BDCB5945-6AE9-458B-8B43-A3E53DB657FE}.Ad-Hoc|ARM.Build.0 = Release|Any CPU
		{BDCB5945-6AE9-458B-8B43-A3E53DB657FE}.Ad-Hoc|iPhone.ActiveCfg = Release|Any CPU
		{BDCB5945-6AE9-458B-8B43-A3E53DB657FE}.Ad-Hoc|iPhone.Build.0 = Release|Any CPU
		{BDCB5945-6AE9-458B-8B43-A3E53DB657FE}.Ad-Hoc|iPhoneSimulator.ActiveCfg = Release|Any CPU
		{BDCB5945-6AE9-458B-8B43-A3E53DB657FE}.Ad-Hoc|iPhoneSimulator.Build.0 = Release|Any CPU
		{BDCB5945-6AE9-458B-8B43-A3E53DB657FE}.Ad-Hoc|x64.ActiveCfg = Release|Any CPU
		{BDCB5945-6AE9-458B-8B43-A3E53DB657FE}.Ad-Hoc|x64.Build.0 = Release|Any CPU
		{BDCB5945-6AE9-458B-8B43-A3E53DB657FE}.Ad-Hoc|x86.ActiveCfg = Release|Any CPU
		{BDCB5945-6AE9-458B-8B43-A3E53DB657FE}.Ad-Hoc|x86.Build.0 = Release|Any CPU
		{BDCB5945-6AE9-458B-8B43-A3E53DB657FE}.AppStore|Any CPU.ActiveCfg = Release|Any CPU
		{BDCB5945-6AE9-458B-8B43-A3E53DB657FE}.AppStore|Any CPU.Build.0 = Release|Any CPU
		{BDCB5945-6AE9-458B-8B43-A3E53DB657FE}.AppStore|ARM.ActiveCfg = Release|Any CPU
		{BDCB5945-6AE9-458B-8B43-A3E53DB657FE}.AppStore|ARM.Build.0 = Release|Any CPU
		{BDCB5945-6AE9-458B-8B43-A3E53DB657FE}.AppStore|iPhone.ActiveCfg = Release|Any CPU
		{BDCB5945-6AE9-458B-8B43-A3E53DB657FE}.AppStore|iPhone.Build.0 = Release|Any CPU
		{BDCB5945-6AE9-458B-8B43-A3E53DB657FE}.AppStore|iPhoneSimulator.ActiveCfg = Release|Any CPU
		{BDCB5945-6AE9-458B-8B43-A3E53DB657FE}.AppStore|iPhoneSimulator.Build.0 = Release|Any CPU
		{BDCB5945-6AE9-458B-8B43-A3E53DB657FE}.AppStore|x64.ActiveCfg = Release|Any CPU
		{BDCB5945-6AE9-458B-8B43-A3E53DB657FE}.AppStore|x64.Build.0 = Release|Any CPU
		{BDCB5945-6AE9-458B-8B43-A3E53DB657FE}.AppStore|x86.ActiveCfg = Release|Any CPU
		{BDCB5945-6AE9-458B-8B43-A3E53DB657FE}.AppStore|x86.Build.0 = Release|Any CPU
		{BDCB5945-6AE9-458B-8B43-A3E53DB657FE}.Debug|Any CPU.ActiveCfg = Debug|Any CPU
		{BDCB5945-6AE9-458B-8B43-A3E53DB657FE}.Debug|Any CPU.Build.0 = Debug|Any CPU
		{BDCB5945-6AE9-458B-8B43-A3E53DB657FE}.Debug|ARM.ActiveCfg = Debug|Any CPU
		{BDCB5945-6AE9-458B-8B43-A3E53DB657FE}.Debug|ARM.Build.0 = Debug|Any CPU
		{BDCB5945-6AE9-458B-8B43-A3E53DB657FE}.Debug|iPhone.ActiveCfg = Debug|Any CPU
		{BDCB5945-6AE9-458B-8B43-A3E53DB657FE}.Debug|iPhone.Build.0 = Debug|Any CPU
		{BDCB5945-6AE9-458B-8B43-A3E53DB657FE}.Debug|iPhoneSimulator.ActiveCfg = Debug|Any CPU
		{BDCB5945-6AE9-458B-8B43-A3E53DB657FE}.Debug|iPhoneSimulator.Build.0 = Debug|Any CPU
		{BDCB5945-6AE9-458B-8B43-A3E53DB657FE}.Debug|x64.ActiveCfg = Debug|Any CPU
		{BDCB5945-6AE9-458B-8B43-A3E53DB657FE}.Debug|x64.Build.0 = Debug|Any CPU
		{BDCB5945-6AE9-458B-8B43-A3E53DB657FE}.Debug|x86.ActiveCfg = Debug|Any CPU
		{BDCB5945-6AE9-458B-8B43-A3E53DB657FE}.Debug|x86.Build.0 = Debug|Any CPU
		{BDCB5945-6AE9-458B-8B43-A3E53DB657FE}.Release|Any CPU.ActiveCfg = Release|Any CPU
		{BDCB5945-6AE9-458B-8B43-A3E53DB657FE}.Release|Any CPU.Build.0 = Release|Any CPU
		{BDCB5945-6AE9-458B-8B43-A3E53DB657FE}.Release|ARM.ActiveCfg = Release|Any CPU
		{BDCB5945-6AE9-458B-8B43-A3E53DB657FE}.Release|ARM.Build.0 = Release|Any CPU
		{BDCB5945-6AE9-458B-8B43-A3E53DB657FE}.Release|iPhone.ActiveCfg = Release|Any CPU
		{BDCB5945-6AE9-458B-8B43-A3E53DB657FE}.Release|iPhone.Build.0 = Release|Any CPU
		{BDCB5945-6AE9-458B-8B43-A3E53DB657FE}.Release|iPhoneSimulator.ActiveCfg = Release|Any CPU
		{BDCB5945-6AE9-458B-8B43-A3E53DB657FE}.Release|iPhoneSimulator.Build.0 = Release|Any CPU
		{BDCB5945-6AE9-458B-8B43-A3E53DB657FE}.Release|x64.ActiveCfg = Release|Any CPU
		{BDCB5945-6AE9-458B-8B43-A3E53DB657FE}.Release|x64.Build.0 = Release|Any CPU
		{BDCB5945-6AE9-458B-8B43-A3E53DB657FE}.Release|x86.ActiveCfg = Release|Any CPU
		{BDCB5945-6AE9-458B-8B43-A3E53DB657FE}.Release|x86.Build.0 = Release|Any CPU
	EndGlobalSection
	GlobalSection(SolutionProperties) = preSolution
		HideSolutionNode = FALSE
	EndGlobalSection
	GlobalSection(ExtensibilityGlobals) = postSolution
		SolutionGuid = {53DF3C6F-4963-4881-988E-39EBBE29BF8A}
	EndGlobalSection
EndGlobal
